
Microsoft Visual Studio Solution File, Format Version 12.00
# Visual Studio 15
VisualStudioVersion = 15.0.26124.0
MinimumVisualStudioVersion = 15.0.26124.0
Project("{2150E333-8FDC-42A3-9474-1A3956D46DE8}") = "src", "src", "{FB8439E2-7438-47D8-B5E1-3DFDA9FAE8EC}"
EndProject
Project("{FAE04EC0-301F-11D3-BF4B-00C04F79EFBC}") = "AuthorizationServer", "src\AuthorizationServer\AuthorizationServer.csproj", "{11A956CD-9704-40DF-8FAF-B8571FCF7E4F}"
EndProject
Project("{FAE04EC0-301F-11D3-BF4B-00C04F79EFBC}") = "JobBoardApi", "src\JobBoardApi\JobBoardApi.csproj", "{BF8B6535-C0E5-47EF-86F5-E295F59B3E35}"
EndProject
Global
	GlobalSection(SolutionConfigurationPlatforms) = preSolution
		Debug|Any CPU = Debug|Any CPU
		Debug|x64 = Debug|x64
		Debug|x86 = Debug|x86
		Release|Any CPU = Release|Any CPU
		Release|x64 = Release|x64
		Release|x86 = Release|x86
	EndGlobalSection
	GlobalSection(SolutionProperties) = preSolution
		HideSolutionNode = FALSE
	EndGlobalSection
	GlobalSection(ProjectConfigurationPlatforms) = postSolution
		{11A956CD-9704-40DF-8FAF-B8571FCF7E4F}.Debug|Any CPU.ActiveCfg = Debug|Any CPU
		{11A956CD-9704-40DF-8FAF-B8571FCF7E4F}.Debug|Any CPU.Build.0 = Debug|Any CPU
		{11A956CD-9704-40DF-8FAF-B8571FCF7E4F}.Debug|x64.ActiveCfg = Debug|Any CPU
		{11A956CD-9704-40DF-8FAF-B8571FCF7E4F}.Debug|x64.Build.0 = Debug|Any CPU
		{11A956CD-9704-40DF-8FAF-B8571FCF7E4F}.Debug|x86.ActiveCfg = Debug|Any CPU
		{11A956CD-9704-40DF-8FAF-B8571FCF7E4F}.Debug|x86.Build.0 = Debug|Any CPU
		{11A956CD-9704-40DF-8FAF-B8571FCF7E4F}.Release|Any CPU.ActiveCfg = Release|Any CPU
		{11A956CD-9704-40DF-8FAF-B8571FCF7E4F}.Release|Any CPU.Build.0 = Release|Any CPU
		{11A956CD-9704-40DF-8FAF-B8571FCF7E4F}.Release|x64.ActiveCfg = Release|Any CPU
		{11A956CD-9704-40DF-8FAF-B8571FCF7E4F}.Release|x64.Build.0 = Release|Any CPU
		{11A956CD-9704-40DF-8FAF-B8571FCF7E4F}.Release|x86.ActiveCfg = Release|Any CPU
		{11A956CD-9704-40DF-8FAF-B8571FCF7E4F}.Release|x86.Build.0 = Release|Any CPU
		{BF8B6535-C0E5-47EF-86F5-E295F59B3E35}.Debug|Any CPU.ActiveCfg = Debug|Any CPU
		{BF8B6535-C0E5-47EF-86F5-E295F59B3E35}.Debug|Any CPU.Build.0 = Debug|Any CPU
		{BF8B6535-C0E5-47EF-86F5-E295F59B3E35}.Debug|x64.ActiveCfg = Debug|Any CPU
		{BF8B6535-C0E5-47EF-86F5-E295F59B3E35}.Debug|x64.Build.0 = Debug|Any CPU
		{BF8B6535-C0E5-47EF-86F5-E295F59B3E35}.Debug|x86.ActiveCfg = Debug|Any CPU
		{BF8B6535-C0E5-47EF-86F5-E295F59B3E35}.Debug|x86.Build.0 = Debug|Any CPU
		{BF8B6535-C0E5-47EF-86F5-E295F59B3E35}.Release|Any CPU.ActiveCfg = Release|Any CPU
		{BF8B6535-C0E5-47EF-86F5-E295F59B3E35}.Release|Any CPU.Build.0 = Release|Any CPU
		{BF8B6535-C0E5-47EF-86F5-E295F59B3E35}.Release|x64.ActiveCfg = Release|Any CPU
		{BF8B6535-C0E5-47EF-86F5-E295F59B3E35}.Release|x64.Build.0 = Release|Any CPU
		{BF8B6535-C0E5-47EF-86F5-E295F59B3E35}.Release|x86.ActiveCfg = Release|Any CPU
		{BF8B6535-C0E5-47EF-86F5-E295F59B3E35}.Release|x86.Build.0 = Release|Any CPU
	EndGlobalSection
	GlobalSection(NestedProjects) = preSolution
		{11A956CD-9704-40DF-8FAF-B8571FCF7E4F} = {FB8439E2-7438-47D8-B5E1-3DFDA9FAE8EC}
		{BF8B6535-C0E5-47EF-86F5-E295F59B3E35} = {FB8439E2-7438-47D8-B5E1-3DFDA9FAE8EC}
	EndGlobalSection
EndGlobal
